{
	"name": "@stacks/keychain",
	"version": "3.4.1-beta.0",
	"lockfileVersion": 2,
	"requires": true,
	"packages": {
		"": {
			"name": "@stacks/keychain",
			"version": "3.2.0",
			"license": "GPL-3.0-or-later",
			"dependencies": {
				"bip32": "^2.0.6"
			}
		},
		"../auth": {
			"name": "@stacks/auth",
			"version": "3.2.0",
			"extraneous": true,
			"license": "GPL-3.0-or-later",
			"dependencies": {
				"@stacks/common": "^3.0.0",
				"@stacks/encryption": "^3.0.0",
				"@stacks/network": "^3.2.0",
				"@stacks/profile": "^3.2.0",
				"c32check": "^1.1.3",
				"cross-fetch": "^3.1.4",
				"jsontokens": "^3.0.0",
				"query-string": "^6.13.1"
			},
			"devDependencies": {
				"@types/jest": "^26.0.22",
				"jest": "^26.6.3",
				"jest-fetch-mock": "^3.0.3",
				"jest-module-name-mapper": "^0.1.5",
				"rimraf": "^3.0.2",
				"ts-jest": "^26.5.5",
				"ts-loader": "^9.1.1",
				"typescript": "^4.2.4",
				"webpack": "^5.36.1",
				"webpack-cli": "^4.6.0"
			}
		},
		"../common": {
			"name": "@stacks/common",
			"version": "3.0.0",
			"extraneous": true,
			"license": "GPL-3.0-or-later",
			"dependencies": {
				"@types/node": "^14.14.43",
				"bn.js": "^4.12.0",
				"buffer": "^6.0.3",
				"cross-fetch": "^3.1.4"
			},
			"devDependencies": {
				"@types/jest": "^26.0.22",
				"jest": "^26.6.3",
				"jest-fetch-mock": "^3.0.3",
				"jest-module-name-mapper": "^0.1.5",
				"rimraf": "^3.0.2",
				"ts-jest": "^26.5.5",
				"ts-loader": "^9.1.1",
				"typescript": "^4.2.4",
				"webpack": "^5.36.1",
				"webpack-cli": "^4.6.0"
			}
		},
		"../encryption": {
			"name": "@stacks/encryption",
			"version": "3.0.0",
			"extraneous": true,
			"license": "GPL-3.0-or-later",
			"dependencies": {
				"@stacks/common": "^3.0.0",
				"@types/bn.js": "^4.11.6",
				"@types/node": "^14.14.43",
				"bip39": "^3.0.2",
				"bitcoinjs-lib": "^5.2.0",
				"bn.js": "^4.12.0",
				"elliptic": "^6.5.4",
				"randombytes": "^2.1.0",
				"ripemd160-min": "^0.0.6",
				"sha.js": "^2.4.11"
			},
			"devDependencies": {
				"@peculiar/webcrypto": "^1.1.6",
				"@types/elliptic": "^6.4.12",
				"@types/jest": "^26.0.22",
				"@types/randombytes": "^2.0.0",
				"@types/sha.js": "^2.4.0",
				"@types/triplesec": "^3.0.0",
				"crypto-browserify": "^3.12.0",
				"jest": "^26.6.3",
				"jest-fetch-mock": "^3.0.3",
				"jest-module-name-mapper": "^0.1.5",
				"jsontokens": "^3.0.0",
				"rimraf": "^3.0.2",
				"stream-browserify": "^3.0.0",
				"triplesec": "^4.0.3",
				"ts-jest": "^26.5.5",
				"ts-loader": "^9.1.1",
				"typescript": "^4.2.4",
				"webpack": "^5.36.1",
				"webpack-cli": "^4.6.0"
			}
		},
		"../network": {
			"name": "@stacks/network",
			"version": "3.2.0",
			"extraneous": true,
			"license": "GPL-3.0-or-later",
			"dependencies": {
				"@stacks/common": "^3.0.0"
			},
			"devDependencies": {
				"@types/jest": "^26.0.22",
				"jest": "^26.6.3",
				"jest-fetch-mock": "^3.0.3",
				"jest-module-name-mapper": "^0.1.5",
				"rimraf": "^3.0.2",
				"ts-jest": "^26.5.5",
				"ts-loader": "^9.1.1",
				"typescript": "^4.2.4",
				"webpack": "^5.36.1",
				"webpack-cli": "^4.6.0"
			}
		},
		"../profile": {
			"name": "@stacks/profile",
			"version": "3.2.0",
			"extraneous": true,
			"license": "GPL-3.0-or-later",
			"dependencies": {
				"@stacks/common": "^3.0.0",
				"@stacks/network": "^3.2.0",
				"@stacks/transactions": "^3.2.0",
				"jsontokens": "^3.0.0",
				"schema-inspector": "^2.0.1",
				"zone-file": "^2.0.0-beta.3"
			},
			"devDependencies": {
				"@types/jest": "^26.0.22",
				"jest": "^26.6.3",
				"jest-fetch-mock": "^3.0.3",
				"jest-module-name-mapper": "^0.1.5",
				"rimraf": "^3.0.2",
				"ts-jest": "^26.5.5",
				"ts-loader": "^9.1.1",
				"typescript": "^4.2.4",
				"webpack": "^5.36.1",
				"webpack-cli": "^4.6.0"
			}
		},
		"../storage": {
			"name": "@stacks/storage",
			"version": "3.2.0",
			"extraneous": true,
			"license": "GPL-3.0-or-later",
			"dependencies": {
				"@stacks/auth": "^3.2.0",
				"@stacks/common": "^3.0.0",
				"@stacks/encryption": "^3.0.0",
				"bitcoinjs-lib": "^5.2.0",
				"jsontokens": "^3.0.0"
			},
			"devDependencies": {
				"@types/jest": "^26.0.22",
				"@types/jsdom": "^16.2.10",
				"jest": "^26.6.3",
				"jest-fetch-mock": "^3.0.3",
				"jest-module-name-mapper": "^0.1.5",
				"jsdom": "^16.5.3",
				"rimraf": "^3.0.2",
				"stream-browserify": "^3.0.0",
				"ts-jest": "^26.5.5",
				"ts-loader": "^9.1.1",
				"typescript": "^4.2.4",
				"webpack": "^5.36.1",
				"webpack-cli": "^4.6.0"
			}
		},
		"../transactions": {
			"name": "@stacks/transactions",
			"version": "3.2.0",
			"extraneous": true,
			"license": "GPL-3.0-or-later",
			"dependencies": {
				"@noble/hashes": "^1.0.0",
				"@noble/secp256k1": "^1.5.2",
				"@stacks/common": "^3.0.0",
				"@stacks/network": "^3.2.0",
				"@types/bn.js": "^4.11.6",
				"@types/node": "^14.14.43",
				"@types/randombytes": "^2.0.0",
				"@types/sha.js": "^2.4.0",
				"bn.js": "^4.12.0",
				"c32check": "^1.1.3",
				"cross-fetch": "^3.1.4",
				"lodash.clonedeep": "^4.5.0",
				"randombytes": "^2.1.0",
				"ripemd160-min": "^0.0.6",
				"sha.js": "^2.4.11",
				"smart-buffer": "^4.1.0"
			},
			"devDependencies": {
				"@types/common-tags": "^1.8.0",
				"@types/elliptic": "^6.4.12",
				"@types/jest": "^26.0.22",
				"@types/lodash.clonedeep": "^4.5.6",
				"common-tags": "^1.8.0",
				"elliptic": "^6.5.4",
				"jest": "^26.6.3",
				"jest-fetch-mock": "^3.0.3",
				"jest-module-name-mapper": "^0.1.5",
				"rimraf": "^3.0.2",
				"ts-jest": "^26.5.5",
				"ts-loader": "^9.1.1",
				"typescript": "^4.2.4",
				"webpack": "^5.36.1",
				"webpack-cli": "^4.6.0"
			}
		},
		"node_modules/bip32": {
			"version": "2.0.6",
			"resolved": "https://registry.npmjs.org/bip32/-/bip32-2.0.6.tgz",
			"integrity": "sha512-HpV5OMLLGTjSVblmrtYRfFFKuQB+GArM0+XP8HGWfJ5vxYBqo+DesvJwOdC2WJ3bCkZShGf0QIfoIpeomVzVdA==",
			"dependencies": {
				"@types/node": "10.12.18",
				"bs58check": "^2.1.1",
				"create-hash": "^1.2.0",
				"create-hmac": "^1.1.7",
				"tiny-secp256k1": "^1.1.3",
				"typeforce": "^1.11.5",
				"wif": "^2.0.6"
			},
			"engines": {
				"node": ">=6.0.0"
			}
		},
		"node_modules/bip32/node_modules/@types/node": {
			"version": "10.12.18",
			"resolved": "https://registry.npmjs.org/@types/node/-/node-10.12.18.tgz",
			"integrity": "sha512-fh+pAqt4xRzPfqA6eh3Z2y6fyZavRIumvjhaCL753+TVkGKGhpPeyrJG2JftD0T9q4GF00KjefsQ+PQNDdWQaQ=="
		},
		"node_modules/bip32/node_modules/base-x": {
			"version": "3.0.9",
			"resolved": "https://registry.npmjs.org/base-x/-/base-x-3.0.9.tgz",
			"integrity": "sha512-H7JU6iBHTal1gp56aKoaa//YUxEaAOUiydvrV/pILqIHXTtqxSkATOnDA2u+jZ/61sD+L/412+7kzXRtWukhpQ==",
			"dependencies": {
				"safe-buffer": "^5.0.1"
			}
		},
		"node_modules/bip32/node_modules/bindings": {
			"version": "1.5.0",
			"resolved": "https://registry.npmjs.org/bindings/-/bindings-1.5.0.tgz",
			"integrity": "sha512-p2q/t/mhvuOj/UeLlV6566GD/guowlr0hHxClI0W9m7MWYkL1F0hLo+0Aexs9HSPCtR1SXQ0TD3MMKrXZajbiQ==",
			"dependencies": {
				"file-uri-to-path": "1.0.0"
			}
		},
		"node_modules/bip32/node_modules/bn.js": {
			"version": "4.12.0",
			"resolved": "https://registry.npmjs.org/bn.js/-/bn.js-4.12.0.tgz",
			"integrity": "sha512-c98Bf3tPniI+scsdk237ku1Dc3ujXQTSgyiPUDEOe7tRkhrqridvh8klBv0HCEso1OLOYcHuCv/cS6DNxKH+ZA=="
		},
		"node_modules/bip32/node_modules/brorand": {
			"version": "1.1.0",
			"resolved": "https://registry.npmjs.org/brorand/-/brorand-1.1.0.tgz",
			"integrity": "sha1-EsJe/kCkXjwyPrhnWgoM5XsiNx8="
		},
		"node_modules/bip32/node_modules/bs58": {
			"version": "4.0.1",
			"resolved": "https://registry.npmjs.org/bs58/-/bs58-4.0.1.tgz",
			"integrity": "sha1-vhYedsNU9veIrkBx9j806MTwpCo=",
			"dependencies": {
				"base-x": "^3.0.2"
			}
		},
		"node_modules/bip32/node_modules/bs58check": {
			"version": "2.1.2",
			"resolved": "https://registry.npmjs.org/bs58check/-/bs58check-2.1.2.tgz",
			"integrity": "sha512-0TS1jicxdU09dwJMNZtVAfzPi6Q6QeN0pM1Fkzrjn+XYHvzMKPU3pHVpva+769iNVSfIYWf7LJ6WR+BuuMf8cA==",
			"dependencies": {
				"bs58": "^4.0.0",
				"create-hash": "^1.1.0",
				"safe-buffer": "^5.1.2"
			}
		},
		"node_modules/bip32/node_modules/cipher-base": {
			"version": "1.0.4",
			"resolved": "https://registry.npmjs.org/cipher-base/-/cipher-base-1.0.4.tgz",
			"integrity": "sha512-Kkht5ye6ZGmwv40uUDZztayT2ThLQGfnj/T71N/XzeZeo3nf8foyW7zGTsPYkEya3m5f3cAypH+qe7YOrM1U2Q==",
			"dependencies": {
				"inherits": "^2.0.1",
				"safe-buffer": "^5.0.1"
			}
		},
		"node_modules/bip32/node_modules/create-hash": {
			"version": "1.2.0",
			"resolved": "https://registry.npmjs.org/create-hash/-/create-hash-1.2.0.tgz",
			"integrity": "sha512-z00bCGNHDG8mHAkP7CtT1qVu+bFQUPjYq/4Iv3C3kWjTFV10zIjfSoeqXo9Asws8gwSHDGj/hl2u4OGIjapeCg==",
			"dependencies": {
				"cipher-base": "^1.0.1",
				"inherits": "^2.0.1",
				"md5.js": "^1.3.4",
				"ripemd160": "^2.0.1",
				"sha.js": "^2.4.0"
			}
		},
		"node_modules/bip32/node_modules/create-hmac": {
			"version": "1.1.7",
			"resolved": "https://registry.npmjs.org/create-hmac/-/create-hmac-1.1.7.tgz",
			"integrity": "sha512-MJG9liiZ+ogc4TzUwuvbER1JRdgvUFSB5+VR/g5h82fGaIRWMWddtKBHi7/sVhfjQZ6SehlyhvQYrcYkaUIpLg==",
			"dependencies": {
				"cipher-base": "^1.0.3",
				"create-hash": "^1.1.0",
				"inherits": "^2.0.1",
				"ripemd160": "^2.0.0",
				"safe-buffer": "^5.0.1",
				"sha.js": "^2.4.8"
			}
		},
		"node_modules/bip32/node_modules/elliptic": {
			"version": "6.5.4",
			"resolved": "https://registry.npmjs.org/elliptic/-/elliptic-6.5.4.tgz",
			"integrity": "sha512-iLhC6ULemrljPZb+QutR5TQGB+pdW6KGD5RSegS+8sorOZT+rdQFbsQFJgvN3eRqNALqJer4oQ16YvJHlU8hzQ==",
			"dependencies": {
				"bn.js": "^4.11.9",
				"brorand": "^1.1.0",
				"hash.js": "^1.0.0",
				"hmac-drbg": "^1.0.1",
				"inherits": "^2.0.4",
				"minimalistic-assert": "^1.0.1",
				"minimalistic-crypto-utils": "^1.0.1"
			}
		},
		"node_modules/bip32/node_modules/file-uri-to-path": {
			"version": "1.0.0",
			"resolved": "https://registry.npmjs.org/file-uri-to-path/-/file-uri-to-path-1.0.0.tgz",
			"integrity": "sha512-0Zt+s3L7Vf1biwWZ29aARiVYLx7iMGnEUl9x33fbB/j3jR81u/O2LbqK+Bm1CDSNDKVtJ/YjwY7TUd5SkeLQLw=="
		},
		"node_modules/bip32/node_modules/hash-base": {
			"version": "3.1.0",
			"resolved": "https://registry.npmjs.org/hash-base/-/hash-base-3.1.0.tgz",
			"integrity": "sha512-1nmYp/rhMDiE7AYkDw+lLwlAzz0AntGIe51F3RfFfEqyQ3feY2eI/NcwC6umIQVOASPMsWJLJScWKSSvzL9IVA==",
			"dependencies": {
				"inherits": "^2.0.4",
				"readable-stream": "^3.6.0",
				"safe-buffer": "^5.2.0"
			},
			"engines": {
				"node": ">=4"
			}
		},
		"node_modules/bip32/node_modules/hash.js": {
			"version": "1.1.7",
			"resolved": "https://registry.npmjs.org/hash.js/-/hash.js-1.1.7.tgz",
			"integrity": "sha512-taOaskGt4z4SOANNseOviYDvjEJinIkRgmp7LbKP2YTTmVxWBl87s/uzK9r+44BclBSp2X7K1hqeNfz9JbBeXA==",
			"dependencies": {
				"inherits": "^2.0.3",
				"minimalistic-assert": "^1.0.1"
			}
		},
		"node_modules/bip32/node_modules/hmac-drbg": {
			"version": "1.0.1",
			"resolved": "https://registry.npmjs.org/hmac-drbg/-/hmac-drbg-1.0.1.tgz",
			"integrity": "sha1-0nRXAQJabHdabFRXk+1QL8DGSaE=",
			"dependencies": {
				"hash.js": "^1.0.3",
				"minimalistic-assert": "^1.0.0",
				"minimalistic-crypto-utils": "^1.0.1"
			}
		},
		"node_modules/bip32/node_modules/inherits": {
			"version": "2.0.4",
			"resolved": "https://registry.npmjs.org/inherits/-/inherits-2.0.4.tgz",
			"integrity": "sha512-k/vGaX4/Yla3WzyMCvTQOXYeIHvqOKtnqBduzTHpzpQZzAskKMhZ2K+EnBiSM9zGSoIFeMpXKxa4dYeZIQqewQ=="
		},
		"node_modules/bip32/node_modules/md5.js": {
			"version": "1.3.5",
			"resolved": "https://registry.npmjs.org/md5.js/-/md5.js-1.3.5.tgz",
			"integrity": "sha512-xitP+WxNPcTTOgnTJcrhM0xvdPepipPSf3I8EIpGKeFLjt3PlJLIDG3u8EX53ZIubkb+5U2+3rELYpEhHhzdkg==",
			"dependencies": {
				"hash-base": "^3.0.0",
				"inherits": "^2.0.1",
				"safe-buffer": "^5.1.2"
			}
		},
		"node_modules/bip32/node_modules/minimalistic-assert": {
			"version": "1.0.1",
			"resolved": "https://registry.npmjs.org/minimalistic-assert/-/minimalistic-assert-1.0.1.tgz",
			"integrity": "sha512-UtJcAD4yEaGtjPezWuO9wC4nwUnVH/8/Im3yEHQP4b67cXlD/Qr9hdITCU1xDbSEXg2XKNaP8jsReV7vQd00/A=="
		},
		"node_modules/bip32/node_modules/minimalistic-crypto-utils": {
			"version": "1.0.1",
			"resolved": "https://registry.npmjs.org/minimalistic-crypto-utils/-/minimalistic-crypto-utils-1.0.1.tgz",
			"integrity": "sha1-9sAMHAsIIkblxNmd+4x8CDsrWCo="
		},
		"node_modules/bip32/node_modules/nan": {
			"version": "2.15.0",
			"resolved": "https://registry.npmjs.org/nan/-/nan-2.15.0.tgz",
			"integrity": "sha512-8ZtvEnA2c5aYCZYd1cvgdnU6cqwixRoYg70xPLWUws5ORTa/lnw+u4amixRS/Ac5U5mQVgp9pnlSUnbNWFaWZQ=="
		},
		"node_modules/bip32/node_modules/readable-stream": {
			"version": "3.6.0",
			"resolved": "https://registry.npmjs.org/readable-stream/-/readable-stream-3.6.0.tgz",
			"integrity": "sha512-BViHy7LKeTz4oNnkcLJ+lVSL6vpiFeX6/d3oSH8zCW7UxP2onchk+vTGB143xuFjHS3deTgkKoXXymXqymiIdA==",
			"dependencies": {
				"inherits": "^2.0.3",
				"string_decoder": "^1.1.1",
				"util-deprecate": "^1.0.1"
			},
			"engines": {
				"node": ">= 6"
			}
		},
		"node_modules/bip32/node_modules/ripemd160": {
			"version": "2.0.2",
			"resolved": "https://registry.npmjs.org/ripemd160/-/ripemd160-2.0.2.tgz",
			"integrity": "sha512-ii4iagi25WusVoiC4B4lq7pbXfAp3D9v5CwfkY33vffw2+pkDjY1D8GaN7spsxvCSx8dkPqOZCEZyfxcmJG2IA==",
			"dependencies": {
				"hash-base": "^3.0.0",
				"inherits": "^2.0.1"
			}
		},
		"node_modules/bip32/node_modules/safe-buffer": {
			"version": "5.2.1",
			"resolved": "https://registry.npmjs.org/safe-buffer/-/safe-buffer-5.2.1.tgz",
			"integrity": "sha512-rp3So07KcdmmKbGvgaNxQSJr7bGVSVk5S9Eq1F+ppbRo70+YeaDxkw5Dd8NPN+GD6bjnYm2VuPuCXmpuYvmCXQ==",
			"funding": [
				{
					"type": "github",
					"url": "https://github.com/sponsors/feross"
				},
				{
					"type": "patreon",
					"url": "https://www.patreon.com/feross"
				},
				{
					"type": "consulting",
					"url": "https://feross.org/support"
				}
			]
		},
		"node_modules/bip32/node_modules/sha.js": {
			"version": "2.4.11",
			"resolved": "https://registry.npmjs.org/sha.js/-/sha.js-2.4.11.tgz",
			"integrity": "sha512-QMEp5B7cftE7APOjk5Y6xgrbWu+WkLVQwk8JNjZ8nKRciZaByEW6MubieAiToS7+dwvrjGhH8jRXz3MVd0AYqQ==",
			"dependencies": {
				"inherits": "^2.0.1",
				"safe-buffer": "^5.0.1"
			},
			"bin": {
				"sha.js": "bin.js"
			}
		},
		"node_modules/bip32/node_modules/string_decoder": {
			"version": "1.3.0",
			"resolved": "https://registry.npmjs.org/string_decoder/-/string_decoder-1.3.0.tgz",
			"integrity": "sha512-hkRX8U1WjJFd8LsDJ2yQ/wWWxaopEsABU1XfkM8A+j0+85JAGppt16cr1Whg6KIbb4okU6Mql6BOj+uup/wKeA==",
			"dependencies": {
				"safe-buffer": "~5.2.0"
			}
		},
		"node_modules/bip32/node_modules/tiny-secp256k1": {
			"version": "1.1.6",
			"resolved": "https://registry.npmjs.org/tiny-secp256k1/-/tiny-secp256k1-1.1.6.tgz",
			"integrity": "sha512-FmqJZGduTyvsr2cF3375fqGHUovSwDi/QytexX1Se4BPuPZpTE5Ftp5fg+EFSuEf3lhZqgCRjEG3ydUQ/aNiwA==",
			"hasInstallScript": true,
			"dependencies": {
				"bindings": "^1.3.0",
				"bn.js": "^4.11.8",
				"create-hmac": "^1.1.7",
				"elliptic": "^6.4.0",
				"nan": "^2.13.2"
			},
			"engines": {
				"node": ">=6.0.0"
			}
		},
		"node_modules/bip32/node_modules/typeforce": {
			"version": "1.18.0",
			"resolved": "https://registry.npmjs.org/typeforce/-/typeforce-1.18.0.tgz",
			"integrity": "sha512-7uc1O8h1M1g0rArakJdf0uLRSSgFcYexrVoKo+bzJd32gd4gDy2L/Z+8/FjPnU9ydY3pEnVPtr9FyscYY60K1g=="
		},
		"node_modules/bip32/node_modules/util-deprecate": {
			"version": "1.0.2",
			"resolved": "https://registry.npmjs.org/util-deprecate/-/util-deprecate-1.0.2.tgz",
			"integrity": "sha1-RQ1Nyfpw3nMnYvvS1KKJgUGaDM8="
		},
		"node_modules/bip32/node_modules/wif": {
			"version": "2.0.6",
			"resolved": "https://registry.npmjs.org/wif/-/wif-2.0.6.tgz",
			"integrity": "sha1-CNP1IFbGZnkplyb63g1DKudLRwQ=",
			"dependencies": {
				"bs58check": "<3.0.0"
			}
		}
	},
	"dependencies": {
		"bip32": {
			"version": "2.0.6",
			"resolved": "https://registry.npmjs.org/bip32/-/bip32-2.0.6.tgz",
			"integrity": "sha512-HpV5OMLLGTjSVblmrtYRfFFKuQB+GArM0+XP8HGWfJ5vxYBqo+DesvJwOdC2WJ3bCkZShGf0QIfoIpeomVzVdA==",
			"requires": {
				"@types/node": "10.12.18",
				"bs58check": "^2.1.1",
				"create-hash": "^1.2.0",
				"create-hmac": "^1.1.7",
				"tiny-secp256k1": "^1.1.3",
				"typeforce": "^1.11.5",
				"wif": "^2.0.6"
			},
			"dependencies": {
				"@types/node": {
					"version": "10.12.18",
					"resolved": "https://registry.npmjs.org/@types/node/-/node-10.12.18.tgz",
					"integrity": "sha512-fh+pAqt4xRzPfqA6eh3Z2y6fyZavRIumvjhaCL753+TVkGKGhpPeyrJG2JftD0T9q4GF00KjefsQ+PQNDdWQaQ=="
				},
				"base-x": {
					"version": "3.0.9",
					"resolved": "https://registry.npmjs.org/base-x/-/base-x-3.0.9.tgz",
					"integrity": "sha512-H7JU6iBHTal1gp56aKoaa//YUxEaAOUiydvrV/pILqIHXTtqxSkATOnDA2u+jZ/61sD+L/412+7kzXRtWukhpQ==",
					"requires": {
						"safe-buffer": "^5.0.1"
					}
				},
				"bindings": {
					"version": "1.5.0",
					"resolved": "https://registry.npmjs.org/bindings/-/bindings-1.5.0.tgz",
					"integrity": "sha512-p2q/t/mhvuOj/UeLlV6566GD/guowlr0hHxClI0W9m7MWYkL1F0hLo+0Aexs9HSPCtR1SXQ0TD3MMKrXZajbiQ==",
					"requires": {
						"file-uri-to-path": "1.0.0"
					}
				},
				"bn.js": {
					"version": "4.12.0",
					"resolved": "https://registry.npmjs.org/bn.js/-/bn.js-4.12.0.tgz",
					"integrity": "sha512-c98Bf3tPniI+scsdk237ku1Dc3ujXQTSgyiPUDEOe7tRkhrqridvh8klBv0HCEso1OLOYcHuCv/cS6DNxKH+ZA=="
				},
				"brorand": {
					"version": "1.1.0",
					"resolved": "https://registry.npmjs.org/brorand/-/brorand-1.1.0.tgz",
					"integrity": "sha1-EsJe/kCkXjwyPrhnWgoM5XsiNx8="
				},
				"bs58": {
					"version": "4.0.1",
					"resolved": "https://registry.npmjs.org/bs58/-/bs58-4.0.1.tgz",
					"integrity": "sha1-vhYedsNU9veIrkBx9j806MTwpCo=",
					"requires": {
						"base-x": "^3.0.2"
					}
				},
				"bs58check": {
					"version": "2.1.2",
					"resolved": "https://registry.npmjs.org/bs58check/-/bs58check-2.1.2.tgz",
					"integrity": "sha512-0TS1jicxdU09dwJMNZtVAfzPi6Q6QeN0pM1Fkzrjn+XYHvzMKPU3pHVpva+769iNVSfIYWf7LJ6WR+BuuMf8cA==",
					"requires": {
						"bs58": "^4.0.0",
						"create-hash": "^1.1.0",
						"safe-buffer": "^5.1.2"
					}
				},
				"cipher-base": {
					"version": "1.0.4",
					"resolved": "https://registry.npmjs.org/cipher-base/-/cipher-base-1.0.4.tgz",
					"integrity": "sha512-Kkht5ye6ZGmwv40uUDZztayT2ThLQGfnj/T71N/XzeZeo3nf8foyW7zGTsPYkEya3m5f3cAypH+qe7YOrM1U2Q==",
					"requires": {
						"inherits": "^2.0.1",
						"safe-buffer": "^5.0.1"
					}
				},
				"create-hash": {
					"version": "1.2.0",
					"resolved": "https://registry.npmjs.org/create-hash/-/create-hash-1.2.0.tgz",
					"integrity": "sha512-z00bCGNHDG8mHAkP7CtT1qVu+bFQUPjYq/4Iv3C3kWjTFV10zIjfSoeqXo9Asws8gwSHDGj/hl2u4OGIjapeCg==",
					"requires": {
						"cipher-base": "^1.0.1",
						"inherits": "^2.0.1",
						"md5.js": "^1.3.4",
						"ripemd160": "^2.0.1",
						"sha.js": "^2.4.0"
					}
				},
				"create-hmac": {
					"version": "1.1.7",
					"resolved": "https://registry.npmjs.org/create-hmac/-/create-hmac-1.1.7.tgz",
					"integrity": "sha512-MJG9liiZ+ogc4TzUwuvbER1JRdgvUFSB5+VR/g5h82fGaIRWMWddtKBHi7/sVhfjQZ6SehlyhvQYrcYkaUIpLg==",
					"requires": {
						"cipher-base": "^1.0.3",
						"create-hash": "^1.1.0",
						"inherits": "^2.0.1",
						"ripemd160": "^2.0.0",
						"safe-buffer": "^5.0.1",
						"sha.js": "^2.4.8"
					}
				},
				"elliptic": {
					"version": "6.5.4",
					"resolved": "https://registry.npmjs.org/elliptic/-/elliptic-6.5.4.tgz",
					"integrity": "sha512-iLhC6ULemrljPZb+QutR5TQGB+pdW6KGD5RSegS+8sorOZT+rdQFbsQFJgvN3eRqNALqJer4oQ16YvJHlU8hzQ==",
					"requires": {
						"bn.js": "^4.11.9",
						"brorand": "^1.1.0",
						"hash.js": "^1.0.0",
						"hmac-drbg": "^1.0.1",
						"inherits": "^2.0.4",
						"minimalistic-assert": "^1.0.1",
						"minimalistic-crypto-utils": "^1.0.1"
					}
				},
				"file-uri-to-path": {
					"version": "1.0.0",
					"resolved": "https://registry.npmjs.org/file-uri-to-path/-/file-uri-to-path-1.0.0.tgz",
					"integrity": "sha512-0Zt+s3L7Vf1biwWZ29aARiVYLx7iMGnEUl9x33fbB/j3jR81u/O2LbqK+Bm1CDSNDKVtJ/YjwY7TUd5SkeLQLw=="
				},
				"hash-base": {
					"version": "3.1.0",
					"resolved": "https://registry.npmjs.org/hash-base/-/hash-base-3.1.0.tgz",
					"integrity": "sha512-1nmYp/rhMDiE7AYkDw+lLwlAzz0AntGIe51F3RfFfEqyQ3feY2eI/NcwC6umIQVOASPMsWJLJScWKSSvzL9IVA==",
					"requires": {
						"inherits": "^2.0.4",
						"readable-stream": "^3.6.0",
						"safe-buffer": "^5.2.0"
					}
				},
				"hash.js": {
					"version": "1.1.7",
					"resolved": "https://registry.npmjs.org/hash.js/-/hash.js-1.1.7.tgz",
					"integrity": "sha512-taOaskGt4z4SOANNseOviYDvjEJinIkRgmp7LbKP2YTTmVxWBl87s/uzK9r+44BclBSp2X7K1hqeNfz9JbBeXA==",
					"requires": {
						"inherits": "^2.0.3",
						"minimalistic-assert": "^1.0.1"
					}
				},
				"hmac-drbg": {
					"version": "1.0.1",
					"resolved": "https://registry.npmjs.org/hmac-drbg/-/hmac-drbg-1.0.1.tgz",
					"integrity": "sha1-0nRXAQJabHdabFRXk+1QL8DGSaE=",
					"requires": {
						"hash.js": "^1.0.3",
						"minimalistic-assert": "^1.0.0",
						"minimalistic-crypto-utils": "^1.0.1"
					}
				},
				"inherits": {
					"version": "2.0.4",
					"resolved": "https://registry.npmjs.org/inherits/-/inherits-2.0.4.tgz",
					"integrity": "sha512-k/vGaX4/Yla3WzyMCvTQOXYeIHvqOKtnqBduzTHpzpQZzAskKMhZ2K+EnBiSM9zGSoIFeMpXKxa4dYeZIQqewQ=="
				},
				"md5.js": {
					"version": "1.3.5",
					"resolved": "https://registry.npmjs.org/md5.js/-/md5.js-1.3.5.tgz",
					"integrity": "sha512-xitP+WxNPcTTOgnTJcrhM0xvdPepipPSf3I8EIpGKeFLjt3PlJLIDG3u8EX53ZIubkb+5U2+3rELYpEhHhzdkg==",
					"requires": {
						"hash-base": "^3.0.0",
						"inherits": "^2.0.1",
						"safe-buffer": "^5.1.2"
					}
				},
				"minimalistic-assert": {
					"version": "1.0.1",
					"resolved": "https://registry.npmjs.org/minimalistic-assert/-/minimalistic-assert-1.0.1.tgz",
					"integrity": "sha512-UtJcAD4yEaGtjPezWuO9wC4nwUnVH/8/Im3yEHQP4b67cXlD/Qr9hdITCU1xDbSEXg2XKNaP8jsReV7vQd00/A=="
				},
				"minimalistic-crypto-utils": {
					"version": "1.0.1",
					"resolved": "https://registry.npmjs.org/minimalistic-crypto-utils/-/minimalistic-crypto-utils-1.0.1.tgz",
					"integrity": "sha1-9sAMHAsIIkblxNmd+4x8CDsrWCo="
				},
				"nan": {
					"version": "2.15.0",
					"resolved": "https://registry.npmjs.org/nan/-/nan-2.15.0.tgz",
					"integrity": "sha512-8ZtvEnA2c5aYCZYd1cvgdnU6cqwixRoYg70xPLWUws5ORTa/lnw+u4amixRS/Ac5U5mQVgp9pnlSUnbNWFaWZQ=="
				},
				"readable-stream": {
					"version": "3.6.0",
					"resolved": "https://registry.npmjs.org/readable-stream/-/readable-stream-3.6.0.tgz",
					"integrity": "sha512-BViHy7LKeTz4oNnkcLJ+lVSL6vpiFeX6/d3oSH8zCW7UxP2onchk+vTGB143xuFjHS3deTgkKoXXymXqymiIdA==",
					"requires": {
						"inherits": "^2.0.3",
						"string_decoder": "^1.1.1",
						"util-deprecate": "^1.0.1"
					}
				},
				"ripemd160": {
					"version": "2.0.2",
					"resolved": "https://registry.npmjs.org/ripemd160/-/ripemd160-2.0.2.tgz",
					"integrity": "sha512-ii4iagi25WusVoiC4B4lq7pbXfAp3D9v5CwfkY33vffw2+pkDjY1D8GaN7spsxvCSx8dkPqOZCEZyfxcmJG2IA==",
					"requires": {
						"hash-base": "^3.0.0",
						"inherits": "^2.0.1"
					}
				},
				"safe-buffer": {
					"version": "5.2.1",
					"resolved": "https://registry.npmjs.org/safe-buffer/-/safe-buffer-5.2.1.tgz",
					"integrity": "sha512-rp3So07KcdmmKbGvgaNxQSJr7bGVSVk5S9Eq1F+ppbRo70+YeaDxkw5Dd8NPN+GD6bjnYm2VuPuCXmpuYvmCXQ=="
				},
				"sha.js": {
					"version": "2.4.11",
					"resolved": "https://registry.npmjs.org/sha.js/-/sha.js-2.4.11.tgz",
					"integrity": "sha512-QMEp5B7cftE7APOjk5Y6xgrbWu+WkLVQwk8JNjZ8nKRciZaByEW6MubieAiToS7+dwvrjGhH8jRXz3MVd0AYqQ==",
					"requires": {
						"inherits": "^2.0.1",
						"safe-buffer": "^5.0.1"
					}
				},
				"string_decoder": {
					"version": "1.3.0",
					"resolved": "https://registry.npmjs.org/string_decoder/-/string_decoder-1.3.0.tgz",
					"integrity": "sha512-hkRX8U1WjJFd8LsDJ2yQ/wWWxaopEsABU1XfkM8A+j0+85JAGppt16cr1Whg6KIbb4okU6Mql6BOj+uup/wKeA==",
					"requires": {
						"safe-buffer": "~5.2.0"
					}
				},
				"tiny-secp256k1": {
					"version": "1.1.6",
					"resolved": "https://registry.npmjs.org/tiny-secp256k1/-/tiny-secp256k1-1.1.6.tgz",
					"integrity": "sha512-FmqJZGduTyvsr2cF3375fqGHUovSwDi/QytexX1Se4BPuPZpTE5Ftp5fg+EFSuEf3lhZqgCRjEG3ydUQ/aNiwA==",
					"requires": {
						"bindings": "^1.3.0",
						"bn.js": "^4.11.8",
						"create-hmac": "^1.1.7",
						"elliptic": "^6.4.0",
						"nan": "^2.13.2"
					}
				},
				"typeforce": {
					"version": "1.18.0",
					"resolved": "https://registry.npmjs.org/typeforce/-/typeforce-1.18.0.tgz",
					"integrity": "sha512-7uc1O8h1M1g0rArakJdf0uLRSSgFcYexrVoKo+bzJd32gd4gDy2L/Z+8/FjPnU9ydY3pEnVPtr9FyscYY60K1g=="
				},
				"util-deprecate": {
					"version": "1.0.2",
					"resolved": "https://registry.npmjs.org/util-deprecate/-/util-deprecate-1.0.2.tgz",
					"integrity": "sha1-RQ1Nyfpw3nMnYvvS1KKJgUGaDM8="
				},
				"wif": {
					"version": "2.0.6",
					"resolved": "https://registry.npmjs.org/wif/-/wif-2.0.6.tgz",
					"integrity": "sha1-CNP1IFbGZnkplyb63g1DKudLRwQ=",
					"requires": {
						"bs58check": "<3.0.0"
					}
				}
			}
		}
	}
}
